# THIS IS AN AUTOGENERATED FILE. DO NOT EDIT THIS FILE DIRECTLY.
# yarn lockfile v1


"@esbuild/aix-ppc64@0.24.2":
  version "0.24.2"
  resolved "https://registry.yarnpkg.com/@esbuild/aix-ppc64/-/aix-ppc64-0.24.2.tgz#38848d3e25afe842a7943643cbcd387cc6e13461"
  integrity sha512-thpVCb/rhxE/BnMLQ7GReQLLN8q9qbHmI55F4489/ByVg2aQaQ6kbcLb6FHkocZzQhxc4gx0sCk0tJkKBFzDhA==

"@esbuild/android-arm64@0.24.2":
  version "0.24.2"
  resolved "https://registry.yarnpkg.com/@esbuild/android-arm64/-/android-arm64-0.24.2.tgz#f592957ae8b5643129fa889c79e69cd8669bb894"
  integrity sha512-cNLgeqCqV8WxfcTIOeL4OAtSmL8JjcN6m09XIgro1Wi7cF4t/THaWEa7eL5CMoMBdjoHOTh/vwTO/o2TRXIyzg==

"@esbuild/android-arm@0.24.2":
  version "0.24.2"
  resolved "https://registry.yarnpkg.com/@esbuild/android-arm/-/android-arm-0.24.2.tgz#72d8a2063aa630308af486a7e5cbcd1e134335b3"
  integrity sha512-tmwl4hJkCfNHwFB3nBa8z1Uy3ypZpxqxfTQOcHX+xRByyYgunVbZ9MzUUfb0RxaHIMnbHagwAxuTL+tnNM+1/Q==

"@esbuild/android-x64@0.24.2":
  version "0.24.2"
  resolved "https://registry.yarnpkg.com/@esbuild/android-x64/-/android-x64-0.24.2.tgz#9a7713504d5f04792f33be9c197a882b2d88febb"
  integrity sha512-B6Q0YQDqMx9D7rvIcsXfmJfvUYLoP722bgfBlO5cGvNVb5V/+Y7nhBE3mHV9OpxBf4eAS2S68KZztiPaWq4XYw==

"@esbuild/darwin-arm64@0.24.2":
  version "0.24.2"
  resolved "https://registry.yarnpkg.com/@esbuild/darwin-arm64/-/darwin-arm64-0.24.2.tgz#02ae04ad8ebffd6e2ea096181b3366816b2b5936"
  integrity sha512-kj3AnYWc+CekmZnS5IPu9D+HWtUI49hbnyqk0FLEJDbzCIQt7hg7ucF1SQAilhtYpIujfaHr6O0UHlzzSPdOeA==

"@esbuild/darwin-x64@0.24.2":
  version "0.24.2"
  resolved "https://registry.yarnpkg.com/@esbuild/darwin-x64/-/darwin-x64-0.24.2.tgz#9ec312bc29c60e1b6cecadc82bd504d8adaa19e9"
  integrity sha512-WeSrmwwHaPkNR5H3yYfowhZcbriGqooyu3zI/3GGpF8AyUdsrrP0X6KumITGA9WOyiJavnGZUwPGvxvwfWPHIA==

"@esbuild/freebsd-arm64@0.24.2":
  version "0.24.2"
  resolved "https://registry.yarnpkg.com/@esbuild/freebsd-arm64/-/freebsd-arm64-0.24.2.tgz#5e82f44cb4906d6aebf24497d6a068cfc152fa00"
  integrity sha512-UN8HXjtJ0k/Mj6a9+5u6+2eZ2ERD7Edt1Q9IZiB5UZAIdPnVKDoG7mdTVGhHJIeEml60JteamR3qhsr1r8gXvg==

"@esbuild/freebsd-x64@0.24.2":
  version "0.24.2"
  resolved "https://registry.yarnpkg.com/@esbuild/freebsd-x64/-/freebsd-x64-0.24.2.tgz#3fb1ce92f276168b75074b4e51aa0d8141ecce7f"
  integrity sha512-TvW7wE/89PYW+IevEJXZ5sF6gJRDY/14hyIGFXdIucxCsbRmLUcjseQu1SyTko+2idmCw94TgyaEZi9HUSOe3Q==

"@esbuild/linux-arm64@0.24.2":
  version "0.24.2"
  resolved "https://registry.yarnpkg.com/@esbuild/linux-arm64/-/linux-arm64-0.24.2.tgz#856b632d79eb80aec0864381efd29de8fd0b1f43"
  integrity sha512-7HnAD6074BW43YvvUmE/35Id9/NB7BeX5EoNkK9obndmZBUk8xmJJeU7DwmUeN7tkysslb2eSl6CTrYz6oEMQg==

"@esbuild/linux-arm@0.24.2":
  version "0.24.2"
  resolved "https://registry.yarnpkg.com/@esbuild/linux-arm/-/linux-arm-0.24.2.tgz#c846b4694dc5a75d1444f52257ccc5659021b736"
  integrity sha512-n0WRM/gWIdU29J57hJyUdIsk0WarGd6To0s+Y+LwvlC55wt+GT/OgkwoXCXvIue1i1sSNWblHEig00GBWiJgfA==

"@esbuild/linux-ia32@0.24.2":
  version "0.24.2"
  resolved "https://registry.yarnpkg.com/@esbuild/linux-ia32/-/linux-ia32-0.24.2.tgz#f8a16615a78826ccbb6566fab9a9606cfd4a37d5"
  integrity sha512-sfv0tGPQhcZOgTKO3oBE9xpHuUqguHvSo4jl+wjnKwFpapx+vUDcawbwPNuBIAYdRAvIDBfZVvXprIj3HA+Ugw==

"@esbuild/linux-loong64@0.24.2":
  version "0.24.2"
  resolved "https://registry.yarnpkg.com/@esbuild/linux-loong64/-/linux-loong64-0.24.2.tgz#1c451538c765bf14913512c76ed8a351e18b09fc"
  integrity sha512-CN9AZr8kEndGooS35ntToZLTQLHEjtVB5n7dl8ZcTZMonJ7CCfStrYhrzF97eAecqVbVJ7APOEe18RPI4KLhwQ==

"@esbuild/linux-mips64el@0.24.2":
  version "0.24.2"
  resolved "https://registry.yarnpkg.com/@esbuild/linux-mips64el/-/linux-mips64el-0.24.2.tgz#0846edeefbc3d8d50645c51869cc64401d9239cb"
  integrity sha512-iMkk7qr/wl3exJATwkISxI7kTcmHKE+BlymIAbHO8xanq/TjHaaVThFF6ipWzPHryoFsesNQJPE/3wFJw4+huw==

"@esbuild/linux-ppc64@0.24.2":
  version "0.24.2"
  resolved "https://registry.yarnpkg.com/@esbuild/linux-ppc64/-/linux-ppc64-0.24.2.tgz#8e3fc54505671d193337a36dfd4c1a23b8a41412"
  integrity sha512-shsVrgCZ57Vr2L8mm39kO5PPIb+843FStGt7sGGoqiiWYconSxwTiuswC1VJZLCjNiMLAMh34jg4VSEQb+iEbw==

"@esbuild/linux-riscv64@0.24.2":
  version "0.24.2"
  resolved "https://registry.yarnpkg.com/@esbuild/linux-riscv64/-/linux-riscv64-0.24.2.tgz#6a1e92096d5e68f7bb10a0d64bb5b6d1daf9a694"
  integrity sha512-4eSFWnU9Hhd68fW16GD0TINewo1L6dRrB+oLNNbYyMUAeOD2yCK5KXGK1GH4qD/kT+bTEXjsyTCiJGHPZ3eM9Q==

"@esbuild/linux-s390x@0.24.2":
  version "0.24.2"
  resolved "https://registry.yarnpkg.com/@esbuild/linux-s390x/-/linux-s390x-0.24.2.tgz#ab18e56e66f7a3c49cb97d337cd0a6fea28a8577"
  integrity sha512-S0Bh0A53b0YHL2XEXC20bHLuGMOhFDO6GN4b3YjRLK//Ep3ql3erpNcPlEFed93hsQAjAQDNsvcK+hV90FubSw==

"@esbuild/linux-x64@0.24.2":
  version "0.24.2"
  resolved "https://registry.yarnpkg.com/@esbuild/linux-x64/-/linux-x64-0.24.2.tgz#8140c9b40da634d380b0b29c837a0b4267aff38f"
  integrity sha512-8Qi4nQcCTbLnK9WoMjdC9NiTG6/E38RNICU6sUNqK0QFxCYgoARqVqxdFmWkdonVsvGqWhmm7MO0jyTqLqwj0Q==

"@esbuild/netbsd-arm64@0.24.2":
  version "0.24.2"
  resolved "https://registry.yarnpkg.com/@esbuild/netbsd-arm64/-/netbsd-arm64-0.24.2.tgz#65f19161432bafb3981f5f20a7ff45abb2e708e6"
  integrity sha512-wuLK/VztRRpMt9zyHSazyCVdCXlpHkKm34WUyinD2lzK07FAHTq0KQvZZlXikNWkDGoT6x3TD51jKQ7gMVpopw==

"@esbuild/netbsd-x64@0.24.2":
  version "0.24.2"
  resolved "https://registry.yarnpkg.com/@esbuild/netbsd-x64/-/netbsd-x64-0.24.2.tgz#7a3a97d77abfd11765a72f1c6f9b18f5396bcc40"
  integrity sha512-VefFaQUc4FMmJuAxmIHgUmfNiLXY438XrL4GDNV1Y1H/RW3qow68xTwjZKfj/+Plp9NANmzbH5R40Meudu8mmw==

"@esbuild/openbsd-arm64@0.24.2":
  version "0.24.2"
  resolved "https://registry.yarnpkg.com/@esbuild/openbsd-arm64/-/openbsd-arm64-0.24.2.tgz#58b00238dd8f123bfff68d3acc53a6ee369af89f"
  integrity sha512-YQbi46SBct6iKnszhSvdluqDmxCJA+Pu280Av9WICNwQmMxV7nLRHZfjQzwbPs3jeWnuAhE9Jy0NrnJ12Oz+0A==

"@esbuild/openbsd-x64@0.24.2":
  version "0.24.2"
  resolved "https://registry.yarnpkg.com/@esbuild/openbsd-x64/-/openbsd-x64-0.24.2.tgz#0ac843fda0feb85a93e288842936c21a00a8a205"
  integrity sha512-+iDS6zpNM6EnJyWv0bMGLWSWeXGN/HTaF/LXHXHwejGsVi+ooqDfMCCTerNFxEkM3wYVcExkeGXNqshc9iMaOA==

"@esbuild/sunos-x64@0.24.2":
  version "0.24.2"
  resolved "https://registry.yarnpkg.com/@esbuild/sunos-x64/-/sunos-x64-0.24.2.tgz#8b7aa895e07828d36c422a4404cc2ecf27fb15c6"
  integrity sha512-hTdsW27jcktEvpwNHJU4ZwWFGkz2zRJUz8pvddmXPtXDzVKTTINmlmga3ZzwcuMpUvLw7JkLy9QLKyGpD2Yxig==

"@esbuild/win32-arm64@0.24.2":
  version "0.24.2"
  resolved "https://registry.yarnpkg.com/@esbuild/win32-arm64/-/win32-arm64-0.24.2.tgz#c023afb647cabf0c3ed13f0eddfc4f1d61c66a85"
  integrity sha512-LihEQ2BBKVFLOC9ZItT9iFprsE9tqjDjnbulhHoFxYQtQfai7qfluVODIYxt1PgdoyQkz23+01rzwNwYfutxUQ==

"@esbuild/win32-ia32@0.24.2":
  version "0.24.2"
  resolved "https://registry.yarnpkg.com/@esbuild/win32-ia32/-/win32-ia32-0.24.2.tgz#96c356132d2dda990098c8b8b951209c3cd743c2"
  integrity sha512-q+iGUwfs8tncmFC9pcnD5IvRHAzmbwQ3GPS5/ceCyHdjXubwQWI12MKWSNSMYLJMq23/IUCvJMS76PDqXe1fxA==

"@esbuild/win32-x64@0.24.2":
  version "0.24.2"
  resolved "https://registry.yarnpkg.com/@esbuild/win32-x64/-/win32-x64-0.24.2.tgz#34aa0b52d0fbb1a654b596acfa595f0c7b77a77b"
  integrity sha512-7VTgWzgMGvup6aSqDPLiW5zHaxYJGTO4OokMjIlrCtf+VpEL+cXKtCvg723iguPYI5oaUNdS+/V7OU2gvXVWEg==

"@rollup/rollup-android-arm-eabi@4.31.0":
  version "4.31.0"
  resolved "https://registry.yarnpkg.com/@rollup/rollup-android-arm-eabi/-/rollup-android-arm-eabi-4.31.0.tgz#d4dd60da0075a6ce9a6c76d71b8204f3e1822285"
  integrity sha512-9NrR4033uCbUBRgvLcBrJofa2KY9DzxL2UKZ1/4xA/mnTNyhZCWBuD8X3tPm1n4KxcgaraOYgrFKSgwjASfmlA==

"@rollup/rollup-android-arm64@4.31.0":
  version "4.31.0"
  resolved "https://registry.yarnpkg.com/@rollup/rollup-android-arm64/-/rollup-android-arm64-4.31.0.tgz#25c4d33259a7a2ccd2f52a5ffcc0bb3ab3f0729d"
  integrity sha512-iBbODqT86YBFHajxxF8ebj2hwKm1k8PTBQSojSt3d1FFt1gN+xf4CowE47iN0vOSdnd+5ierMHBbu/rHc7nq5g==

"@rollup/rollup-darwin-arm64@4.31.0":
  version "4.31.0"
  resolved "https://registry.yarnpkg.com/@rollup/rollup-darwin-arm64/-/rollup-darwin-arm64-4.31.0.tgz#d137dff254b19163a6b52ac083a71cd055dae844"
  integrity sha512-WHIZfXgVBX30SWuTMhlHPXTyN20AXrLH4TEeH/D0Bolvx9PjgZnn4H677PlSGvU6MKNsjCQJYczkpvBbrBnG6g==

"@rollup/rollup-darwin-x64@4.31.0":
  version "4.31.0"
  resolved "https://registry.yarnpkg.com/@rollup/rollup-darwin-x64/-/rollup-darwin-x64-4.31.0.tgz#58ff20b5dacb797d3adca19f02a21c532f9d55bf"
  integrity sha512-hrWL7uQacTEF8gdrQAqcDy9xllQ0w0zuL1wk1HV8wKGSGbKPVjVUv/DEwT2+Asabf8Dh/As+IvfdU+H8hhzrQQ==

"@rollup/rollup-freebsd-arm64@4.31.0":
  version "4.31.0"
  resolved "https://registry.yarnpkg.com/@rollup/rollup-freebsd-arm64/-/rollup-freebsd-arm64-4.31.0.tgz#96ce1a241c591ec3e068f4af765d94eddb24e60c"
  integrity sha512-S2oCsZ4hJviG1QjPY1h6sVJLBI6ekBeAEssYKad1soRFv3SocsQCzX6cwnk6fID6UQQACTjeIMB+hyYrFacRew==

"@rollup/rollup-freebsd-x64@4.31.0":
  version "4.31.0"
  resolved "https://registry.yarnpkg.com/@rollup/rollup-freebsd-x64/-/rollup-freebsd-x64-4.31.0.tgz#e59e7ede505be41f0b4311b0b943f8eb44938467"
  integrity sha512-pCANqpynRS4Jirn4IKZH4tnm2+2CqCNLKD7gAdEjzdLGbH1iO0zouHz4mxqg0uEMpO030ejJ0aA6e1PJo2xrPA==

"@rollup/rollup-linux-arm-gnueabihf@4.31.0":
  version "4.31.0"
  resolved "https://registry.yarnpkg.com/@rollup/rollup-linux-arm-gnueabihf/-/rollup-linux-arm-gnueabihf-4.31.0.tgz#e455ca6e4ff35bd46d62201c153352e717000a7b"
  integrity sha512-0O8ViX+QcBd3ZmGlcFTnYXZKGbFu09EhgD27tgTdGnkcYXLat4KIsBBQeKLR2xZDCXdIBAlWLkiXE1+rJpCxFw==

"@rollup/rollup-linux-arm-musleabihf@4.31.0":
  version "4.31.0"
  resolved "https://registry.yarnpkg.com/@rollup/rollup-linux-arm-musleabihf/-/rollup-linux-arm-musleabihf-4.31.0.tgz#bc1a93d807d19e70b1e343a5bfea43723bcd6327"
  integrity sha512-w5IzG0wTVv7B0/SwDnMYmbr2uERQp999q8FMkKG1I+j8hpPX2BYFjWe69xbhbP6J9h2gId/7ogesl9hwblFwwg==

"@rollup/rollup-linux-arm64-gnu@4.31.0":
  version "4.31.0"
  resolved "https://registry.yarnpkg.com/@rollup/rollup-linux-arm64-gnu/-/rollup-linux-arm64-gnu-4.31.0.tgz#f38bf843f1dc3d5de680caf31084008846e3efae"
  integrity sha512-JyFFshbN5xwy6fulZ8B/8qOqENRmDdEkcIMF0Zz+RsfamEW+Zabl5jAb0IozP/8UKnJ7g2FtZZPEUIAlUSX8cA==

"@rollup/rollup-linux-arm64-musl@4.31.0":
  version "4.31.0"
  resolved "https://registry.yarnpkg.com/@rollup/rollup-linux-arm64-musl/-/rollup-linux-arm64-musl-4.31.0.tgz#b3987a96c18b7287129cf735be2dbf83e94d9d05"
  integrity sha512-kpQXQ0UPFeMPmPYksiBL9WS/BDiQEjRGMfklVIsA0Sng347H8W2iexch+IEwaR7OVSKtr2ZFxggt11zVIlZ25g==

"@rollup/rollup-linux-loongarch64-gnu@4.31.0":
  version "4.31.0"
  resolved "https://registry.yarnpkg.com/@rollup/rollup-linux-loongarch64-gnu/-/rollup-linux-loongarch64-gnu-4.31.0.tgz#0f0324044e71c4f02e9f49e7ec4e347b655b34ee"
  integrity sha512-pMlxLjt60iQTzt9iBb3jZphFIl55a70wexvo8p+vVFK+7ifTRookdoXX3bOsRdmfD+OKnMozKO6XM4zR0sHRrQ==

"@rollup/rollup-linux-powerpc64le-gnu@4.31.0":
  version "4.31.0"
  resolved "https://registry.yarnpkg.com/@rollup/rollup-linux-powerpc64le-gnu/-/rollup-linux-powerpc64le-gnu-4.31.0.tgz#809479f27f1fd5b4eecd2aa732132ad952d454ba"
  integrity sha512-D7TXT7I/uKEuWiRkEFbed1UUYZwcJDU4vZQdPTcepK7ecPhzKOYk4Er2YR4uHKme4qDeIh6N3XrLfpuM7vzRWQ==

"@rollup/rollup-linux-riscv64-gnu@4.31.0":
  version "4.31.0"
  resolved "https://registry.yarnpkg.com/@rollup/rollup-linux-riscv64-gnu/-/rollup-linux-riscv64-gnu-4.31.0.tgz#7bc75c4f22db04d3c972f83431739cfa41c6a36e"
  integrity sha512-wal2Tc8O5lMBtoePLBYRKj2CImUCJ4UNGJlLwspx7QApYny7K1cUYlzQ/4IGQBLmm+y0RS7dwc3TDO/pmcneTw==

"@rollup/rollup-linux-s390x-gnu@4.31.0":
  version "4.31.0"
  resolved "https://registry.yarnpkg.com/@rollup/rollup-linux-s390x-gnu/-/rollup-linux-s390x-gnu-4.31.0.tgz#cfe8052345c55864d83ae343362cf1912480170e"
  integrity sha512-O1o5EUI0+RRMkK9wiTVpk2tyzXdXefHtRTIjBbmFREmNMy7pFeYXCFGbhKFwISA3UOExlo5GGUuuj3oMKdK6JQ==

"@rollup/rollup-linux-x64-gnu@4.31.0":
  version "4.31.0"
  resolved "https://registry.yarnpkg.com/@rollup/rollup-linux-x64-gnu/-/rollup-linux-x64-gnu-4.31.0.tgz#c6b048f1e25f3fea5b4bd246232f4d07a159c5a0"
  integrity sha512-zSoHl356vKnNxwOWnLd60ixHNPRBglxpv2g7q0Cd3Pmr561gf0HiAcUBRL3S1vPqRC17Zo2CX/9cPkqTIiai1g==

"@rollup/rollup-linux-x64-musl@4.31.0":
  version "4.31.0"
  resolved "https://registry.yarnpkg.com/@rollup/rollup-linux-x64-musl/-/rollup-linux-x64-musl-4.31.0.tgz#615273ac52d1a201f4de191cbd3389016a9d7d80"
  integrity sha512-ypB/HMtcSGhKUQNiFwqgdclWNRrAYDH8iMYH4etw/ZlGwiTVxBz2tDrGRrPlfZu6QjXwtd+C3Zib5pFqID97ZA==

"@rollup/rollup-win32-arm64-msvc@4.31.0":
  version "4.31.0"
  resolved "https://registry.yarnpkg.com/@rollup/rollup-win32-arm64-msvc/-/rollup-win32-arm64-msvc-4.31.0.tgz#32ed85810c1b831c648eca999d68f01255b30691"
  integrity sha512-JuhN2xdI/m8Hr+aVO3vspO7OQfUFO6bKLIRTAy0U15vmWjnZDLrEgCZ2s6+scAYaQVpYSh9tZtRijApw9IXyMw==

"@rollup/rollup-win32-ia32-msvc@4.31.0":
  version "4.31.0"
  resolved "https://registry.yarnpkg.com/@rollup/rollup-win32-ia32-msvc/-/rollup-win32-ia32-msvc-4.31.0.tgz#d47effada68bcbfdccd30c4a788d42e4542ff4d3"
  integrity sha512-U1xZZXYkvdf5MIWmftU8wrM5PPXzyaY1nGCI4KI4BFfoZxHamsIe+BtnPLIvvPykvQWlVbqUXdLa4aJUuilwLQ==

"@rollup/rollup-win32-x64-msvc@4.31.0":
  version "4.31.0"
  resolved "https://registry.yarnpkg.com/@rollup/rollup-win32-x64-msvc/-/rollup-win32-x64-msvc-4.31.0.tgz#7a2d89a82cf0388d60304964217dd7beac6de645"
  integrity sha512-ul8rnCsUumNln5YWwz0ted2ZHFhzhRRnkpBZ+YRuHoRAlUji9KChpOUOndY7uykrPEPXVbHLlsdo6v5yXo/TXw==

"@tonaljs/abc-notation@4.9.1":
  version "4.9.1"
  resolved "https://registry.yarnpkg.com/@tonaljs/abc-notation/-/abc-notation-4.9.1.tgz#392a770b19b703a82c9f403605e3925f17149f04"
  integrity sha512-2fDUdPsFDdgZgyIiZCTYGKy30QiwIQxSXCSN2thGrSMXbQKCp8iTC8haStYcrA+25MPWhWlmvC/pz3tGcTNAqQ==
  dependencies:
    "@tonaljs/pitch-distance" "5.0.5"
    "@tonaljs/pitch-note" "6.1.0"

"@tonaljs/array@4.8.4":
  version "4.8.4"
  resolved "https://registry.yarnpkg.com/@tonaljs/array/-/array-4.8.4.tgz#493e4b3e6a52c1003d024f3b82bf66dbe5610591"
  integrity sha512-97HVdpZy82PqNBDMM9PRSbO2DUrnxNg3++N4xqLpfby70fKHAHhTWrMXWZK+Dzs76HDPQLd+qhd4cq28eBZzjw==
  dependencies:
    "@tonaljs/pitch-note" "6.1.0"

"@tonaljs/chord-detect@4.9.1":
  version "4.9.1"
  resolved "https://registry.yarnpkg.com/@tonaljs/chord-detect/-/chord-detect-4.9.1.tgz#e9a00f06743a00a36eaf3daeda7bf3462513dcce"
  integrity sha512-rV/9+R7aZ9cQorQ3jdNMMMh63onosglYZM71Q0n7KKcWMAGrxF66MzxBG82xy+w1QDMJQslB3iHfDHUiS6wRjA==
  dependencies:
    "@tonaljs/chord-type" "5.1.1"
    "@tonaljs/pcset" "4.10.1"
    "@tonaljs/pitch-note" "6.1.0"

"@tonaljs/chord-type@5.1.1":
  version "5.1.1"
  resolved "https://registry.yarnpkg.com/@tonaljs/chord-type/-/chord-type-5.1.1.tgz#9e992f58ea343baef9780e3537c83c2efc7c75d0"
  integrity sha512-ti4WzRYvvjH7to0G3zlJFq7WsjHqmcqbk8Jv98aZSR5YumLdY/ua2yOPPyoPq82n6vfgjZsacnAZ3v8/SodOcw==
  dependencies:
    "@tonaljs/pcset" "4.10.1"

"@tonaljs/chord@6.1.1":
  version "6.1.1"
  resolved "https://registry.yarnpkg.com/@tonaljs/chord/-/chord-6.1.1.tgz#d14c19782e3e5bb8892861a5582d0f6d016b8c4f"
  integrity sha512-gsLyGGkOt0g5L/uF4ICpYQengahW3WAMjckyvyzvqMYpvH7fokmtcymOfbltDQzaVuYuL0TsVmbfjbah2rKEww==
  dependencies:
    "@tonaljs/chord-detect" "4.9.1"
    "@tonaljs/chord-type" "5.1.1"
    "@tonaljs/collection" "4.9.0"
    "@tonaljs/interval" "^5.1.0"
    "@tonaljs/pcset" "4.10.1"
    "@tonaljs/pitch-distance" "5.0.5"
    "@tonaljs/pitch-note" "6.1.0"
    "@tonaljs/scale-type" "4.9.1"

"@tonaljs/collection@4.9.0":
  version "4.9.0"
  resolved "https://registry.yarnpkg.com/@tonaljs/collection/-/collection-4.9.0.tgz#149d4847dd8667c62d4f9c1fa1b6cbe59a24948d"
  integrity sha512-Mk0h7O54nT6PgNVcUYauzxa5KOB23+0AOKudWzRH7JhJIN9vhVIC7PtwZXE+/G051UTbHSFIcN/afkgF4nB/8A==

"@tonaljs/core@5.0.2":
  version "5.0.2"
  resolved "https://registry.yarnpkg.com/@tonaljs/core/-/core-5.0.2.tgz#bc8d5ad5af8f863d3ece4d9c1efc9b7fd501246b"
  integrity sha512-v/fIRsB+lz93/yJnDEWvjDX6nDJ/Pz3cb0znm/UD8qKpN9BhN+v93iIaZG5LX0J2JNS35TtgIhwKFO10j6zieQ==
  dependencies:
    "@tonaljs/pitch" "5.0.2"
    "@tonaljs/pitch-distance" "5.0.5"
    "@tonaljs/pitch-interval" "6.1.0"
    "@tonaljs/pitch-note" "6.1.0"

"@tonaljs/duration-value@4.9.0":
  version "4.9.0"
  resolved "https://registry.yarnpkg.com/@tonaljs/duration-value/-/duration-value-4.9.0.tgz#47a015932bf679adbb053099206a0b410b46a07f"
  integrity sha512-Muz54HyIe0nMYKWx6wyTa4y17ma29DtpJF4/oqJphy6A124rAVDe/SKit8JGOvDYAQj71FUXqs17sXBxO/ExVw==

"@tonaljs/interval@5.1.0", "@tonaljs/interval@^5.1.0":
  version "5.1.0"
  resolved "https://registry.yarnpkg.com/@tonaljs/interval/-/interval-5.1.0.tgz#3f70222f02a7ddfa31db6a133f616a2defb82680"
  integrity sha512-GR9dUjn0j7yhjwjRh8HQxZYXOiVl05WfY3AFyMB9rfg807K4dSJmWfPTULPQXyHJ6NiZOPXcwRs8MxMLDxgdbg==
  dependencies:
    "@tonaljs/pitch" "^5.0.2"
    "@tonaljs/pitch-distance" "^5.0.4"
    "@tonaljs/pitch-interval" "^6.0.0"

"@tonaljs/key@4.11.2":
  version "4.11.2"
  resolved "https://registry.yarnpkg.com/@tonaljs/key/-/key-4.11.2.tgz#e42e08032c76c9b7d461bb96ff4a2086ae39eeba"
  integrity sha512-fc1y5+NwS4S3amirzYLLB324PxJDO00oIBbLJclAddc46UBeYnu4FNz+1nZboHCXRQ/06/ftuaWD/l7HrAoulw==
  dependencies:
    "@tonaljs/note" "4.12.1"
    "@tonaljs/pitch-note" "6.1.0"
    "@tonaljs/roman-numeral" "4.9.1"

"@tonaljs/midi@4.10.2":
  version "4.10.2"
  resolved "https://registry.yarnpkg.com/@tonaljs/midi/-/midi-4.10.2.tgz#324b35d00e2a8b5d504a817e27fd7162e7ab0b55"
  integrity sha512-MPamXhEwPL7L1udLfYMm3Ft8mLYtHr62Zi2w5zYHM2P7YwIvNoiX0+dvAN5is1Wvq4iVRa8AjFHerjOW/SZhGg==
  dependencies:
    "@tonaljs/pitch-note" "6.1.0"

"@tonaljs/mode@4.9.1":
  version "4.9.1"
  resolved "https://registry.yarnpkg.com/@tonaljs/mode/-/mode-4.9.1.tgz#d701baf37c2ba9a8f198a36b9d4b1d46270250a4"
  integrity sha512-h+K7eOUKpyX7kMRCwCew6cV1oN0sZYD5LLeKD7zEERNd/6wvGBfGCdMZECGqzpFUmjUyCY87IOntem6EPbKVCg==
  dependencies:
    "@tonaljs/collection" "4.9.0"
    "@tonaljs/interval" "5.1.0"
    "@tonaljs/pcset" "4.10.1"
    "@tonaljs/pitch-distance" "5.0.5"
    "@tonaljs/pitch-note" "6.1.0"
    "@tonaljs/scale-type" "4.9.1"

"@tonaljs/note@4.12.1":
  version "4.12.1"
  resolved "https://registry.yarnpkg.com/@tonaljs/note/-/note-4.12.1.tgz#20fa4e1ec3067ab7d7eb828a1e85781acc2abcb3"
  integrity sha512-yh6cnhu21bUb0VuIQWxObSbWBVp2cHIkJj4zZ4qsNOW4jSqn74+wHpSbOTDF8q+2hl6upz7TtBRavtqwPtLUCQ==
  dependencies:
    "@tonaljs/midi" "4.10.2"
    "@tonaljs/pitch" "5.0.2"
    "@tonaljs/pitch-distance" "5.0.5"
    "@tonaljs/pitch-interval" "6.1.0"
    "@tonaljs/pitch-note" "6.1.0"

"@tonaljs/pcset@4.10.1":
  version "4.10.1"
  resolved "https://registry.yarnpkg.com/@tonaljs/pcset/-/pcset-4.10.1.tgz#432ff9cb34f1a66926db062f8f2b94ddefc3f65f"
  integrity sha512-CZG1rpKc38yMfpEJsbDTvsTmQqsek9xxcuMgK64Tr6sP1lEiDuZJbQeKVWWRnreBF2FQ1cEGLmfOpvSO+40csA==
  dependencies:
    "@tonaljs/collection" "4.9.0"
    "@tonaljs/pitch" "5.0.2"
    "@tonaljs/pitch-distance" "5.0.5"
    "@tonaljs/pitch-interval" "6.1.0"
    "@tonaljs/pitch-note" "6.1.0"

"@tonaljs/pitch-distance@5.0.5", "@tonaljs/pitch-distance@^5.0.4":
  version "5.0.5"
  resolved "https://registry.yarnpkg.com/@tonaljs/pitch-distance/-/pitch-distance-5.0.5.tgz#2d2bf7bbd28752d41c0d52aa7e4f5742caf37b85"
  integrity sha512-dTfjsU0zyrj5YmiFio5prPaD5w7sBmHp4nnmlEg70nHY+SerAH0KiO9HM9usttVgRFUaXl0Gc7OI8YMGfSFmug==
  dependencies:
    "@tonaljs/pitch" "5.0.2"
    "@tonaljs/pitch-interval" "6.1.0"
    "@tonaljs/pitch-note" "6.1.0"

"@tonaljs/pitch-interval@6.1.0", "@tonaljs/pitch-interval@^6.0.0":
  version "6.1.0"
  resolved "https://registry.yarnpkg.com/@tonaljs/pitch-interval/-/pitch-interval-6.1.0.tgz#1b8308023143879bf105023951d57e9bd22d02d4"
  integrity sha512-9ZMxA7V4UgySnOKPIG6HECzhDb8mbiTCIdNNIzCIfz5XpjUmohku2YZpVVWMacLHgyeQicJzNoRiPel5oSAn4A==
  dependencies:
    "@tonaljs/pitch" "5.0.2"

"@tonaljs/pitch-note@6.1.0":
  version "6.1.0"
  resolved "https://registry.yarnpkg.com/@tonaljs/pitch-note/-/pitch-note-6.1.0.tgz#bbe08228ef99a560fb23c2c804ff046a5e08a4c4"
  integrity sha512-A4OSLo8DjM38u73862LnDmL4YInDDRBmg0fojXcvu4cyU3oOlqndyeHOra1OVoH/WW46uNIxNs1wJDZNPWL5KQ==
  dependencies:
    "@tonaljs/pitch" "5.0.2"

"@tonaljs/pitch@5.0.2", "@tonaljs/pitch@^5.0.2":
  version "5.0.2"
  resolved "https://registry.yarnpkg.com/@tonaljs/pitch/-/pitch-5.0.2.tgz#ca2dcd60b99e90536f52293d2491187edfbc9967"
  integrity sha512-mxaXJPPe+LIJdjzpZEl8I8Wx3dEvlzkBbsr2Ltwc2dTAdnErAZ5R0TxVq2egF27lMvQN2QPQPWI9iDPPdVUmrg==

"@tonaljs/progression@4.9.1":
  version "4.9.1"
  resolved "https://registry.yarnpkg.com/@tonaljs/progression/-/progression-4.9.1.tgz#15ac67cf6c69f99575b11290a448cc84e94ddca9"
  integrity sha512-jHdZUNlXRmjrvbZrvjoW6syW7dO9ilhgvyouB6YuVM5lGShwTN9dsSuQYsugso9jYHkwQBgYj5SaXTTY0/0nHw==
  dependencies:
    "@tonaljs/chord" "6.1.1"
    "@tonaljs/pitch-distance" "5.0.5"
    "@tonaljs/pitch-interval" "6.1.0"
    "@tonaljs/pitch-note" "6.1.0"
    "@tonaljs/roman-numeral" "4.9.1"

"@tonaljs/range@4.9.2":
  version "4.9.2"
  resolved "https://registry.yarnpkg.com/@tonaljs/range/-/range-4.9.2.tgz#e3872c6088b9bd8f5af7cb4fc79631ccd51b0692"
  integrity sha512-XhFbCJCrEEIVz3MNmdVp9QUyiJA6eqnNnQeNqto8AuT5BYuffHDoMkBmvvjPuV5Lh8zfF9D0aqglvqPbZ+neKQ==
  dependencies:
    "@tonaljs/collection" "4.9.0"
    "@tonaljs/midi" "4.10.2"

"@tonaljs/rhythm-pattern@1.0.0":
  version "1.0.0"
  resolved "https://registry.yarnpkg.com/@tonaljs/rhythm-pattern/-/rhythm-pattern-1.0.0.tgz#75aa2a20b4b09459abae2a41ade39905fb43534f"
  integrity sha512-3hp4Yw49e6BTWApRNb7arJ6HiICsHRFZYijuPE+vR93lIo9+lxcOMh0OPc4DyupTN7cvFTSB70Z7B/IeEJxhCQ==

"@tonaljs/roman-numeral@4.9.1":
  version "4.9.1"
  resolved "https://registry.yarnpkg.com/@tonaljs/roman-numeral/-/roman-numeral-4.9.1.tgz#4b72d9d31ed0090c174a1149d2fde54f6a0b6f02"
  integrity sha512-dJGKBNHdPrNTE97ZDk4t6wpNmgYcpHyLkAvWkRP9I/HsDkeTFFQqNXosYIvspPWrFySlRpeqqFwcqV74MYoOag==
  dependencies:
    "@tonaljs/pitch" "5.0.2"
    "@tonaljs/pitch-interval" "6.1.0"
    "@tonaljs/pitch-note" "6.1.0"

"@tonaljs/scale-type@4.9.1":
  version "4.9.1"
  resolved "https://registry.yarnpkg.com/@tonaljs/scale-type/-/scale-type-4.9.1.tgz#1e677e651a20d56374632ad0eb3d83e7acd08603"
  integrity sha512-Nz2wThzz5NmWNx0vazX7MqNbF8kT1g5BEcbZcWjgkc67zhwosfZE0LEn7W9XcVDEws71b8CqQqDPKUEEybC9Rw==
  dependencies:
    "@tonaljs/pcset" "4.10.1"

"@tonaljs/scale@4.13.3":
  version "4.13.3"
  resolved "https://registry.yarnpkg.com/@tonaljs/scale/-/scale-4.13.3.tgz#e1172179f76f2c087537ca626258f06c3fb3b885"
  integrity sha512-IcPMpOm6gMQJ3A2IXZ5dN0wOhHIUonQY8abTql4BrwcVCUaItXWQfSd9t1HII+2kA6J8JCeY2BukTr6wVwAhXQ==
  dependencies:
    "@tonaljs/chord-type" "5.1.1"
    "@tonaljs/collection" "4.9.0"
    "@tonaljs/note" "4.12.1"
    "@tonaljs/pcset" "4.10.1"
    "@tonaljs/pitch-distance" "5.0.5"
    "@tonaljs/pitch-note" "6.1.0"
    "@tonaljs/scale-type" "4.9.1"

"@tonaljs/time-signature@4.9.0":
  version "4.9.0"
  resolved "https://registry.yarnpkg.com/@tonaljs/time-signature/-/time-signature-4.9.0.tgz#15a898daa682353bb28e1dfc58a97844e7f50e00"
  integrity sha512-zRo8CBqg/2guzTlF2vxyVIuB5gmwWQaxlknJPUSDII8CTdQ/x3a1LlNoMKkvTUnqwCihe3WrNPZ5XUfOOTthYA==

"@tonaljs/voice-leading@5.1.2":
  version "5.1.2"
  resolved "https://registry.yarnpkg.com/@tonaljs/voice-leading/-/voice-leading-5.1.2.tgz#b128ebecfc7058ae6f4af6a4f44f889fd6339b36"
  integrity sha512-lV5hsDZC4ekhh465d2aVFFqyG9AOZvwKdxU1+dNB/P6ldefU1yHC10mKdY7FrdhVgKeGZG1MbJh8rETaKVg7vA==
  dependencies:
    "@tonaljs/note" "4.12.1"

"@tonaljs/voicing-dictionary@5.1.2":
  version "5.1.2"
  resolved "https://registry.yarnpkg.com/@tonaljs/voicing-dictionary/-/voicing-dictionary-5.1.2.tgz#e36e77a082335585e43c3e0103d743d212ed5d13"
  integrity sha512-Rsfz70rAXoBB3aUUgtOwaJzPVRk6icyzVzSjUonqUsWq4jWCavv0QOO6yOODQ22SzyzWMv2vFDfIYRj7f1fXNQ==
  dependencies:
    "@tonaljs/chord" "6.1.1"
    "@tonaljs/note" "4.12.1"
    "@tonaljs/voice-leading" "5.1.2"

"@tonaljs/voicing@5.1.2":
  version "5.1.2"
  resolved "https://registry.yarnpkg.com/@tonaljs/voicing/-/voicing-5.1.2.tgz#9d0d3736ec6b37aaf109ba55c41f160067d9fe5f"
  integrity sha512-Zk/8yPV+POxXq7bk9DermlTF86AmVxzN1ZNzK+hNtHF29Zah+w0xz+rEzKhQtU4q9vuqB4iGQO0q76VcbIDMew==
  dependencies:
    "@tonaljs/chord" "6.1.1"
    "@tonaljs/interval" "5.1.0"
    "@tonaljs/note" "4.12.1"
    "@tonaljs/range" "4.9.2"
    "@tonaljs/voice-leading" "5.1.2"
    "@tonaljs/voicing-dictionary" "5.1.2"

"@tweakpane/core@^2.0.5":
  version "2.0.5"
  resolved "https://registry.yarnpkg.com/@tweakpane/core/-/core-2.0.5.tgz#bae776cd530b31f5e5424641411d4b20c3baed8e"
  integrity sha512-punBgD5rKCF5vcNo6BsSOXiDR/NSs9VM7SG65QSLJIxfRaGgj54ree9zQW6bO3pNFf3AogiGgaNODUVQRk9YqQ==

"@types/estree@1.0.6":
  version "1.0.6"
  resolved "https://registry.yarnpkg.com/@types/estree/-/estree-1.0.6.tgz#628effeeae2064a1b4e79f78e81d87b7e5fc7b50"
  integrity sha512-AYnb1nQyY49te+VRAVgmzfcgjYS91mY5P0TKUDCLEM+gNnA+3T6rWITXRLYCpahpqSQbN5cE+gHpnPyXjHWxcw==

"@webgpu/types@^0.1.53":
  version "0.1.53"
  resolved "https://registry.yarnpkg.com/@webgpu/types/-/types-0.1.53.tgz#19a607eceefe90dadb49209a5fbd0fd60289fffa"
  integrity sha512-x+BLw/opaz9LiVyrMsP75nO1Rg0QfrACUYIbVSfGwY/w0DiWIPYYrpte6us//KZXinxFAOJl0+C17L1Vi2vmDw==

esbuild@^0.24.2:
  version "0.24.2"
  resolved "https://registry.yarnpkg.com/esbuild/-/esbuild-0.24.2.tgz#b5b55bee7de017bff5fb8a4e3e44f2ebe2c3567d"
  integrity sha512-+9egpBW8I3CD5XPe0n6BfT5fxLzxrlDzqydF3aviG+9ni1lDC/OvMHcxqEFV0+LANZG5R1bFMWfUrjVsdwxJvA==
  optionalDependencies:
    "@esbuild/aix-ppc64" "0.24.2"
    "@esbuild/android-arm" "0.24.2"
    "@esbuild/android-arm64" "0.24.2"
    "@esbuild/android-x64" "0.24.2"
    "@esbuild/darwin-arm64" "0.24.2"
    "@esbuild/darwin-x64" "0.24.2"
    "@esbuild/freebsd-arm64" "0.24.2"
    "@esbuild/freebsd-x64" "0.24.2"
    "@esbuild/linux-arm" "0.24.2"
    "@esbuild/linux-arm64" "0.24.2"
    "@esbuild/linux-ia32" "0.24.2"
    "@esbuild/linux-loong64" "0.24.2"
    "@esbuild/linux-mips64el" "0.24.2"
    "@esbuild/linux-ppc64" "0.24.2"
    "@esbuild/linux-riscv64" "0.24.2"
    "@esbuild/linux-s390x" "0.24.2"
    "@esbuild/linux-x64" "0.24.2"
    "@esbuild/netbsd-arm64" "0.24.2"
    "@esbuild/netbsd-x64" "0.24.2"
    "@esbuild/openbsd-arm64" "0.24.2"
    "@esbuild/openbsd-x64" "0.24.2"
    "@esbuild/sunos-x64" "0.24.2"
    "@esbuild/win32-arm64" "0.24.2"
    "@esbuild/win32-ia32" "0.24.2"
    "@esbuild/win32-x64" "0.24.2"

fsevents@~2.3.2, fsevents@~2.3.3:
  version "2.3.3"
  resolved "https://registry.yarnpkg.com/fsevents/-/fsevents-2.3.3.tgz#cac6407785d03675a2a5e1a5305c697b347d90d6"
  integrity sha512-5xoDfX+fL7faATnagmWPpbFtwh/R77WmMMqqHGS65C3vvB0YHrgF+B1YmZ3441tMj5n63k0212XNoJwzlhffQw==

nanoid@^3.3.8:
  version "3.3.8"
  resolved "https://registry.yarnpkg.com/nanoid/-/nanoid-3.3.8.tgz#b1be3030bee36aaff18bacb375e5cce521684baf"
  integrity sha512-WNLf5Sd8oZxOm+TzppcYk8gVOgP+l58xNy58D0nbUnOxOWRWvlcCV4kUF7ltmI6PsrLl/BgKEyS4mqsGChFN0w==

obj-file-parser@^0.6.2:
  version "0.6.2"
  resolved "https://registry.yarnpkg.com/obj-file-parser/-/obj-file-parser-0.6.2.tgz#a04607540e4b0c92234bfe9b8da364efb7ea201f"
  integrity sha512-eATpidA23O619wNjAcrve3WkNQ0vSTLiPSR8DLjPXrguD1DsN0/S49EMAI1T3wzhUD0aLGIiAZXLnWjORGOlng==

picocolors@^1.1.1:
  version "1.1.1"
  resolved "https://registry.yarnpkg.com/picocolors/-/picocolors-1.1.1.tgz#3d321af3eab939b083c8f929a1d12cda81c26b6b"
  integrity sha512-xceH2snhtb5M9liqDsmEw56le376mTZkEX/jEb/RxNFyegNul7eNslCXP9FDj/Lcu0X8KEyMceP2ntpaHrDEVA==

postcss@^8.4.49:
  version "8.5.1"
  resolved "https://registry.yarnpkg.com/postcss/-/postcss-8.5.1.tgz#e2272a1f8a807fafa413218245630b5db10a3214"
  integrity sha512-6oz2beyjc5VMn/KV1pPw8fliQkhBXrVn1Z3TVyqZxU8kZpzEKhBdmCFqI6ZbmGtamQvQGuU1sgPTk8ZrXDD7jQ==
  dependencies:
    nanoid "^3.3.8"
    picocolors "^1.1.1"
    source-map-js "^1.2.1"

rollup@^4.23.0:
  version "4.31.0"
  resolved "https://registry.yarnpkg.com/rollup/-/rollup-4.31.0.tgz#b84af969a0292cb047dce2c0ec5413a9457597a4"
  integrity sha512-9cCE8P4rZLx9+PjoyqHLs31V9a9Vpvfo4qNcs6JCiGWYhw2gijSetFbH6SSy1whnkgcefnUwr8sad7tgqsGvnw==
  dependencies:
    "@types/estree" "1.0.6"
  optionalDependencies:
    "@rollup/rollup-android-arm-eabi" "4.31.0"
    "@rollup/rollup-android-arm64" "4.31.0"
    "@rollup/rollup-darwin-arm64" "4.31.0"
    "@rollup/rollup-darwin-x64" "4.31.0"
    "@rollup/rollup-freebsd-arm64" "4.31.0"
    "@rollup/rollup-freebsd-x64" "4.31.0"
    "@rollup/rollup-linux-arm-gnueabihf" "4.31.0"
    "@rollup/rollup-linux-arm-musleabihf" "4.31.0"
    "@rollup/rollup-linux-arm64-gnu" "4.31.0"
    "@rollup/rollup-linux-arm64-musl" "4.31.0"
    "@rollup/rollup-linux-loongarch64-gnu" "4.31.0"
    "@rollup/rollup-linux-powerpc64le-gnu" "4.31.0"
    "@rollup/rollup-linux-riscv64-gnu" "4.31.0"
    "@rollup/rollup-linux-s390x-gnu" "4.31.0"
    "@rollup/rollup-linux-x64-gnu" "4.31.0"
    "@rollup/rollup-linux-x64-musl" "4.31.0"
    "@rollup/rollup-win32-arm64-msvc" "4.31.0"
    "@rollup/rollup-win32-ia32-msvc" "4.31.0"
    "@rollup/rollup-win32-x64-msvc" "4.31.0"
    fsevents "~2.3.2"

source-map-js@^1.2.1:
  version "1.2.1"
  resolved "https://registry.yarnpkg.com/source-map-js/-/source-map-js-1.2.1.tgz#1ce5650fddd87abc099eda37dcff024c2667ae46"
  integrity sha512-UXWMKhLOwVKb728IUtQPXxfYU+usdybtUrK/8uGE8CQMvrhOpwvzDBwj0QhSL7MQc7vIsISBG8VQ8+IDQxpfQA==

tonal@^6.4.2:
  version "6.4.2"
  resolved "https://registry.yarnpkg.com/tonal/-/tonal-6.4.2.tgz#06f66f990a0d60e8431c987c341ac4805d171a21"
  integrity sha512-3o2ZQCZk8SsiaGGD+XQ7ntyL/06gwN4v7kbFhfkXOUPGGDMX3qEhOckWSf7SRm8nvyOGywxHlP30zO+1Y4SWgg==
  dependencies:
    "@tonaljs/abc-notation" "4.9.1"
    "@tonaljs/array" "4.8.4"
    "@tonaljs/chord" "6.1.1"
    "@tonaljs/chord-type" "5.1.1"
    "@tonaljs/collection" "4.9.0"
    "@tonaljs/core" "5.0.2"
    "@tonaljs/duration-value" "4.9.0"
    "@tonaljs/interval" "5.1.0"
    "@tonaljs/key" "4.11.2"
    "@tonaljs/midi" "4.10.2"
    "@tonaljs/mode" "4.9.1"
    "@tonaljs/note" "4.12.1"
    "@tonaljs/pcset" "4.10.1"
    "@tonaljs/progression" "4.9.1"
    "@tonaljs/range" "4.9.2"
    "@tonaljs/rhythm-pattern" "1.0.0"
    "@tonaljs/roman-numeral" "4.9.1"
    "@tonaljs/scale" "4.13.3"
    "@tonaljs/scale-type" "4.9.1"
    "@tonaljs/time-signature" "4.9.0"
    "@tonaljs/voice-leading" "5.1.2"
    "@tonaljs/voicing" "5.1.2"
    "@tonaljs/voicing-dictionary" "5.1.2"

tweakpane@^4.0.5:
  version "4.0.5"
  resolved "https://registry.yarnpkg.com/tweakpane/-/tweakpane-4.0.5.tgz#696572c4294c48a11cc0a3c487ea89ad1491e09a"
  integrity sha512-rxEXdSI+ArlG1RyO6FghC4ZUX8JkEfz8F3v1JuteXSV0pEtHJzyo07fcDG+NsJfN5L39kSbCYbB9cBGHyuI/tQ==

typescript@~5.6.2:
  version "5.6.3"
  resolved "https://registry.yarnpkg.com/typescript/-/typescript-5.6.3.tgz#5f3449e31c9d94febb17de03cc081dd56d81db5b"
  integrity sha512-hjcS1mhfuyi4WW8IWtjP7brDrG2cuDZukyrYrSauoXGNgx0S7zceP07adYkJycEr56BOUTNPzbInooiN3fn1qw==

vite@^6.0.5:
  version "6.0.11"
  resolved "https://registry.yarnpkg.com/vite/-/vite-6.0.11.tgz#224497e93e940b34c3357c9ebf2ec20803091ed8"
  integrity sha512-4VL9mQPKoHy4+FE0NnRE/kbY51TOfaknxAjt3fJbGJxhIpBZiqVzlZDEesWWsuREXHwNdAoOFZ9MkPEVXczHwg==
  dependencies:
    esbuild "^0.24.2"
    postcss "^8.4.49"
    rollup "^4.23.0"
  optionalDependencies:
    fsevents "~2.3.3"

wgpu-matrix@^3.3.0:
  version "3.3.0"
  resolved "https://registry.yarnpkg.com/wgpu-matrix/-/wgpu-matrix-3.3.0.tgz#96eabd6c7265c9aa8b0d0a788c5947cac55cd35a"
  integrity sha512-MRdywXdzTwX9pVbO5Z/oRX9l7464Wkfv28glG1c7t7s5v/0Dvts6yV8b4AOTOTl1UDGq9KUEAoSN6KW5P12ruQ==
